lockfile_version: '1'
generated_at: '2026-05-29T08:16:32.460079+00:00'
apm_version: 0.13.0
dependencies:
- repo_url: K-Dense-AI/scientific-agent-skills
  host: github.com
  resolved_commit: effb57c5699c1d400ef461a7aa80fc6693939805
  virtual_path: skills/citation-management
  is_virtual: true
  package_type: claude_skill
  deployed_files:
  - .claude/skills/citation-management
  content_hash: sha256:64ca5d2cffe397e809800f11b67afd798a3a192b3b577eafae9cc5021169b1d8
- repo_url: K-Dense-AI/scientific-agent-skills
  host: github.com
  resolved_commit: effb57c5699c1d400ef461a7aa80fc6693939805
  virtual_path: skills/dask
  is_virtual: true
  package_type: claude_skill
  deployed_files:
  - .claude/skills/dask
  content_hash: sha256:65d3c49e389ee4d3cab91e073f52dbdddb1d220db5607334be18bcf69abc8d28
- repo_url: K-Dense-AI/scientific-agent-skills
  host: github.com
  resolved_commit: effb57c5699c1d400ef461a7aa80fc6693939805
  virtual_path: skills/exploratory-data-analysis
  is_virtual: true
  package_type: claude_skill
  deployed_files:
  - .claude/skills/exploratory-data-analysis
  content_hash: sha256:a8f317b4653915f8a1349f7c2fd63d51152fffc9c52626bf8b3c7a6c355f2a53
- repo_url: K-Dense-AI/scientific-agent-skills
  host: github.com
  resolved_commit: effb57c5699c1d400ef461a7aa80fc6693939805
  virtual_path: skills/geomaster
  is_virtual: true
  package_type: claude_skill
  deployed_files:
  - .claude/skills/geomaster
  content_hash: sha256:937ed91943e398ee960fdd717819344bb3be3c0fc200f7011103502d57aefb90
- repo_url: K-Dense-AI/scientific-agent-skills
  host: github.com
  resolved_commit: effb57c5699c1d400ef461a7aa80fc6693939805
  virtual_path: skills/geopandas
  is_virtual: true
  package_type: claude_skill
  deployed_files:
  - .claude/skills/geopandas
  content_hash: sha256:e248f9203b92af9bc996c1dcd2d3bb768749c2cd04e73f2801762af3ad8ec237
- repo_url: K-Dense-AI/scientific-agent-skills
  host: github.com
  resolved_commit: effb57c5699c1d400ef461a7aa80fc6693939805
  virtual_path: skills/hypothesis-generation
  is_virtual: true
  package_type: claude_skill
  deployed_files:
  - .claude/skills/hypothesis-generation
  content_hash: sha256:20f0ffdcb1832e938c32c61fc3950849378fe2eb44d836cace79843a5725f1c1
- repo_url: K-Dense-AI/scientific-agent-skills
  host: github.com
  resolved_commit: effb57c5699c1d400ef461a7aa80fc6693939805
  virtual_path: skills/literature-review
  is_virtual: true
  package_type: claude_skill
  deployed_files:
  - .claude/skills/literature-review
  content_hash: sha256:0ff14303c4fe0ba8ed06f1268c58f55e46682078e2f3e2e214ee1405e233294e
- repo_url: K-Dense-AI/scientific-agent-skills
  host: github.com
  resolved_commit: effb57c5699c1d400ef461a7aa80fc6693939805
  virtual_path: skills/markdown-mermaid-writing
  is_virtual: true
  package_type: claude_skill
  deployed_files:
  - .claude/skills/markdown-mermaid-writing
  content_hash: sha256:2256dadde8dc2692838f13570296bf25de9b2d28f2306a04edfcd8893fe6e895
- repo_url: K-Dense-AI/scientific-agent-skills
  host: github.com
  resolved_commit: effb57c5699c1d400ef461a7aa80fc6693939805
  virtual_path: skills/matplotlib
  is_virtual: true
  package_type: claude_skill
  deployed_files:
  - .claude/skills/matplotlib
  content_hash: sha256:010bbef79e326f30cfe4075aa69c6d0326025b8872ee6345f782a601d02c7cd8
- repo_url: K-Dense-AI/scientific-agent-skills
  host: github.com
  resolved_commit: effb57c5699c1d400ef461a7aa80fc6693939805
  virtual_path: skills/networkx
  is_virtual: true
  package_type: claude_skill
  deployed_files:
  - .claude/skills/networkx
  content_hash: sha256:81ef1950722e2fb54d9868cb4e7f9f9a092feeffb157048141a8b7e35b94b660
- repo_url: K-Dense-AI/scientific-agent-skills
  host: github.com
  resolved_commit: effb57c5699c1d400ef461a7aa80fc6693939805
  virtual_path: skills/polars
  is_virtual: true
  package_type: claude_skill
  deployed_files:
  - .claude/skills/polars
  content_hash: sha256:a71a21278ac1b5f9b2066f123e77eda156aeb11aef7c5e9dc6460c4601df4b36
- repo_url: K-Dense-AI/scientific-agent-skills
  host: github.com
  resolved_commit: effb57c5699c1d400ef461a7aa80fc6693939805
  virtual_path: skills/scientific-brainstorming
  is_virtual: true
  package_type: claude_skill
  deployed_files:
  - .claude/skills/scientific-brainstorming
  content_hash: sha256:c634eb6b768ee7e7e707a78a5b35cf4d04bbbbac6a9bd03288a1bda6430378ea
- repo_url: K-Dense-AI/scientific-agent-skills
  host: github.com
  resolved_commit: effb57c5699c1d400ef461a7aa80fc6693939805
  virtual_path: skills/scientific-critical-thinking
  is_virtual: true
  package_type: claude_skill
  deployed_files:
  - .claude/skills/scientific-critical-thinking
  content_hash: sha256:5ffc67d73bb49fefe57aff8398e70606f604e7251ed08402a41c79e98ab4b71e
- repo_url: K-Dense-AI/scientific-agent-skills
  host: github.com
  resolved_commit: effb57c5699c1d400ef461a7aa80fc6693939805
  virtual_path: skills/scientific-visualization
  is_virtual: true
  package_type: claude_skill
  deployed_files:
  - .claude/skills/scientific-visualization
  content_hash: sha256:39de1cef8f8e64a6956b9c4897030bf43a9ec2ad58820c348caa1bc1aa7d6247
- repo_url: K-Dense-AI/scientific-agent-skills
  host: github.com
  resolved_commit: effb57c5699c1d400ef461a7aa80fc6693939805
  virtual_path: skills/seaborn
  is_virtual: true
  package_type: claude_skill
  deployed_files:
  - .claude/skills/seaborn
  content_hash: sha256:5ebd985fcd6e41a6f14c08e08b35df3eaf25c621720a8704074a00430335d08b
- repo_url: K-Dense-AI/scientific-agent-skills
  host: github.com
  resolved_commit: effb57c5699c1d400ef461a7aa80fc6693939805
  virtual_path: skills/statistical-analysis
  is_virtual: true
  package_type: claude_skill
  deployed_files:
  - .claude/skills/statistical-analysis
  content_hash: sha256:63f6efe3e1b6e51a6b2ccb830148e073a285fc7fc36acad83448a31b14a3343e
- repo_url: anthropics/skills
  host: github.com
  resolved_commit: da20c92503b2e8ff1cf28ca81a0df4673debdbf7
  virtual_path: skills/skill-creator
  is_virtual: true
  package_type: claude_skill
  deployed_files:
  - .claude/skills/skill-creator
  content_hash: sha256:b2bfe91d69ca99994c0566baede889e7d2b9bb8791c6b6106c5d387392f717f6
- repo_url: basicmachines-co/basic-memory
  host: github.com
  resolved_commit: fc2ee07076eb397b09db7b2681e5213002df0d70
  virtual_path: skills/memory-capture
  is_virtual: true
  package_type: claude_skill
  deployed_files:
  - .claude/skills/memory-capture
  content_hash: sha256:fac633ed65979974c7f271d57dfc4b5ab5b9ea5aea0631219f3b4167424b009b
- repo_url: basicmachines-co/basic-memory
  host: github.com
  resolved_commit: fc2ee07076eb397b09db7b2681e5213002df0d70
  virtual_path: skills/memory-continue
  is_virtual: true
  package_type: claude_skill
  deployed_files:
  - .claude/skills/memory-continue
  content_hash: sha256:fb5b54b9250f284e2ff61661c5fec29b9ff361a2a43df85f9a87df72d98e25a4
- repo_url: basicmachines-co/basic-memory
  host: github.com
  resolved_commit: fc2ee07076eb397b09db7b2681e5213002df0d70
  virtual_path: skills/memory-curate
  is_virtual: true
  package_type: claude_skill
  deployed_files:
  - .claude/skills/memory-curate
  content_hash: sha256:73e21ef17b37a7ba77d24b6d452230c81f933250fe36239bbbc3756777ee424f
- repo_url: basicmachines-co/basic-memory
  host: github.com
  resolved_commit: fc2ee07076eb397b09db7b2681e5213002df0d70
  virtual_path: skills/memory-defrag
  is_virtual: true
  package_type: claude_skill
  deployed_files:
  - .claude/skills/memory-defrag
  content_hash: sha256:82da4efe339bfb37fe68e97909df5a966d821fb790a4c0ab092a020f1252621e
- repo_url: basicmachines-co/basic-memory
  host: github.com
  resolved_commit: fc2ee07076eb397b09db7b2681e5213002df0d70
  virtual_path: skills/memory-ingest
  is_virtual: true
  package_type: claude_skill
  deployed_files:
  - .claude/skills/memory-ingest
  content_hash: sha256:c1ecd6237ae2cba8073082f7bc9a54b06a41101bfe2643c3b302c66400f3d98b
- repo_url: basicmachines-co/basic-memory
  host: github.com
  resolved_commit: fc2ee07076eb397b09db7b2681e5213002df0d70
  virtual_path: skills/memory-lifecycle
  is_virtual: true
  package_type: claude_skill
  deployed_files:
  - .claude/skills/memory-lifecycle
  content_hash: sha256:13d1b99948c6341735d9e65d6a697edc83fc51bc7fab7e84df8da625fb24e081
- repo_url: basicmachines-co/basic-memory
  host: github.com
  resolved_commit: fc2ee07076eb397b09db7b2681e5213002df0d70
  virtual_path: skills/memory-metadata-search
  is_virtual: true
  package_type: claude_skill
  deployed_files:
  - .claude/skills/memory-metadata-search
  content_hash: sha256:b4f9e5f4bdabc9e191e4c5b807cc29b5e57da532f77f3eacf84e36d1e57ee297
- repo_url: basicmachines-co/basic-memory
  host: github.com
  resolved_commit: fc2ee07076eb397b09db7b2681e5213002df0d70
  virtual_path: skills/memory-notes
  is_virtual: true
  package_type: claude_skill
  deployed_files:
  - .claude/skills/memory-notes
  content_hash: sha256:f1b167acaf5ea7d83cb10912189dc463675defdb100b237d65887688ef026842
- repo_url: basicmachines-co/basic-memory
  host: github.com
  resolved_commit: fc2ee07076eb397b09db7b2681e5213002df0d70
  virtual_path: skills/memory-reflect
  is_virtual: true
  package_type: claude_skill
  deployed_files:
  - .claude/skills/memory-reflect
  content_hash: sha256:a2fcd9a3141857bce1ce34f55ba98b0d941c40542a1be4f53ee3d776f57127b1
- repo_url: basicmachines-co/basic-memory
  host: github.com
  resolved_commit: fc2ee07076eb397b09db7b2681e5213002df0d70
  virtual_path: skills/memory-research
  is_virtual: true
  package_type: claude_skill
  deployed_files:
  - .claude/skills/memory-research
  content_hash: sha256:294b3a6c9978a93e3bfc613ec33646c2e47a01d15633e31cb294daf79c7d81aa
- repo_url: basicmachines-co/basic-memory
  host: github.com
  resolved_commit: fc2ee07076eb397b09db7b2681e5213002df0d70
  virtual_path: skills/memory-schema
  is_virtual: true
  package_type: claude_skill
  deployed_files:
  - .claude/skills/memory-schema
  content_hash: sha256:b7bd1ce883063d9c9139f7507878f9ac512a68a84febc157a83de82ec637db47
- repo_url: basicmachines-co/basic-memory
  host: github.com
  resolved_commit: fc2ee07076eb397b09db7b2681e5213002df0d70
  virtual_path: skills/memory-tasks
  is_virtual: true
  package_type: claude_skill
  deployed_files:
  - .claude/skills/memory-tasks
  content_hash: sha256:abc17a4831fee2a02abdb7035383820cf2950f56dcf8f07cedb27d82741e4f2b
- repo_url: blader/humanizer
  host: github.com
  resolved_commit: a2ace14a88a6746f64f1f53ed8272d6788828038
  package_type: claude_skill
  deployed_files:
  - .claude/skills/humanizer
  content_hash: sha256:0e456dd5eb31b1fa120b9a584d8661ef591d58d8e0dbe585a24cd2698becf9bb
- repo_url: github/awesome-copilot
  host: github.com
  resolved_commit: 9b74459b5ae5aad67781c4a9de1093605d620f23
  virtual_path: skills/acquire-codebase-knowledge
  is_virtual: true
  package_type: claude_skill
  deployed_files:
  - .claude/skills/acquire-codebase-knowledge
  content_hash: sha256:94a1da1b609e31d3ac4629f4670784c63675639955965b503d10928035b4f727
- repo_url: github/awesome-copilot
  host: github.com
  resolved_commit: 9b74459b5ae5aad67781c4a9de1093605d620f23
  virtual_path: skills/agentic-eval
  is_virtual: true
  package_type: claude_skill
  deployed_files:
  - .claude/skills/agentic-eval
  content_hash: sha256:40771d7d389c1542e6cb995d75e516893466f01c3b66bc040b158ceb793d4bed
- repo_url: github/awesome-copilot
  host: github.com
  resolved_commit: 9b74459b5ae5aad67781c4a9de1093605d620f23
  virtual_path: skills/architecture-blueprint-generator
  is_virtual: true
  package_type: claude_skill
  deployed_files:
  - .claude/skills/architecture-blueprint-generator
  content_hash: sha256:9b20f13d1d96ba1c2550e1ce535f932e943c42939d3fae906a9e0d6c1bfb471a
- repo_url: github/awesome-copilot
  host: github.com
  resolved_commit: 9b74459b5ae5aad67781c4a9de1093605d620f23
  virtual_path: skills/autoresearch
  is_virtual: true
  package_type: claude_skill
  deployed_files:
  - .claude/skills/autoresearch
  content_hash: sha256:8bfae087ef27eb37092d94caf1da3406b500aa908756772bb1349a1ac70823dd
- repo_url: github/awesome-copilot
  host: github.com
  resolved_commit: 9b74459b5ae5aad67781c4a9de1093605d620f23
  virtual_path: skills/context-map
  is_virtual: true
  package_type: claude_skill
  deployed_files:
  - .claude/skills/context-map
  content_hash: sha256:cca0523289057f0f6fbff2c3ead5063359dd2482a451bf8694eac0f282185786
- repo_url: github/awesome-copilot
  host: github.com
  resolved_commit: 9b74459b5ae5aad67781c4a9de1093605d620f23
  virtual_path: skills/create-architectural-decision-record
  is_virtual: true
  package_type: claude_skill
  deployed_files:
  - .claude/skills/create-architectural-decision-record
  content_hash: sha256:5c99e32293271aef0270c279c2af8b62301e29257bf85f2ebf7e810c740b4404
- repo_url: github/awesome-copilot
  host: github.com
  resolved_commit: 9b74459b5ae5aad67781c4a9de1093605d620f23
  virtual_path: skills/create-implementation-plan
  is_virtual: true
  package_type: claude_skill
  deployed_files:
  - .claude/skills/create-implementation-plan
  content_hash: sha256:4764bacd34af8e5c27a85ca01a90197afcf1f1ed1785975ba91d9b80dff60e2d
- repo_url: github/awesome-copilot
  host: github.com
  resolved_commit: 9b74459b5ae5aad67781c4a9de1093605d620f23
  virtual_path: skills/create-readme
  is_virtual: true
  package_type: claude_skill
  deployed_files:
  - .claude/skills/create-readme
  content_hash: sha256:d0ece1b2164ce1376e4ab6e98d6ac079df3a2a94f5f02224362b6a1ce2516ae9
- repo_url: github/awesome-copilot
  host: github.com
  resolved_commit: 9b74459b5ae5aad67781c4a9de1093605d620f23
  virtual_path: skills/create-specification
  is_virtual: true
  package_type: claude_skill
  deployed_files:
  - .claude/skills/create-specification
  content_hash: sha256:45b9ef98b0fb82ba0e1aee65dfb464fa1f8494a14a557b9788d73aae87e9e618
- repo_url: github/awesome-copilot
  host: github.com
  resolved_commit: 9b74459b5ae5aad67781c4a9de1093605d620f23
  virtual_path: skills/create-technical-spike
  is_virtual: true
  package_type: claude_skill
  deployed_files:
  - .claude/skills/create-technical-spike
  content_hash: sha256:e711706b4aebacac01bcc025e19bcf0e88bf784cbe6419ddf07c2be67c501f33
- repo_url: github/awesome-copilot
  host: github.com
  resolved_commit: 9b74459b5ae5aad67781c4a9de1093605d620f23
  virtual_path: skills/documentation-writer
  is_virtual: true
  package_type: claude_skill
  deployed_files:
  - .claude/skills/documentation-writer
  content_hash: sha256:ee53d65b163cd7eb953a930c95841cfe398cc2c0bd24c06508bbaa07c432be35
- repo_url: github/awesome-copilot
  host: github.com
  resolved_commit: 9b74459b5ae5aad67781c4a9de1093605d620f23
  virtual_path: skills/draw-io-diagram-generator
  is_virtual: true
  package_type: claude_skill
  deployed_files:
  - .claude/skills/draw-io-diagram-generator
  content_hash: sha256:1da717c88f800bb96d895290a71741110a039285604329e67d544cb6685ef2a8
- repo_url: github/awesome-copilot
  host: github.com
  resolved_commit: 9b74459b5ae5aad67781c4a9de1093605d620f23
  virtual_path: skills/git-commit
  is_virtual: true
  package_type: claude_skill
  deployed_files:
  - .claude/skills/git-commit
  content_hash: sha256:2607fc60629b82b257136dd2a7a373f0a4466c0b49df7746d845d59313c99b21
- repo_url: github/awesome-copilot
  host: github.com
  resolved_commit: 9b74459b5ae5aad67781c4a9de1093605d620f23
  virtual_path: skills/memory-merger
  is_virtual: true
  package_type: claude_skill
  deployed_files:
  - .claude/skills/memory-merger
  content_hash: sha256:6d64cdfdbf2309c78905a6ab208cc5ccced0cb955f404d8fc124c9720ade6ac3
- repo_url: github/awesome-copilot
  host: github.com
  resolved_commit: 9b74459b5ae5aad67781c4a9de1093605d620f23
  virtual_path: skills/prd
  is_virtual: true
  package_type: claude_skill
  deployed_files:
  - .claude/skills/prd
  content_hash: sha256:1f3e1f005fc40fda85d250ae906c8ee4f7e8e833e23adfeca6542c19609fd7cd
- repo_url: github/awesome-copilot
  host: github.com
  resolved_commit: 9b74459b5ae5aad67781c4a9de1093605d620f23
  virtual_path: skills/refactor
  is_virtual: true
  package_type: claude_skill
  deployed_files:
  - .claude/skills/refactor
  content_hash: sha256:87789a786b96f99ba0680e89345a975106e10e7db1071c7cdc2e76d507c449d6
- repo_url: github/awesome-copilot
  host: github.com
  resolved_commit: 9b74459b5ae5aad67781c4a9de1093605d620f23
  virtual_path: skills/refactor-plan
  is_virtual: true
  package_type: claude_skill
  deployed_files:
  - .claude/skills/refactor-plan
  content_hash: sha256:26f32d34d48e9a40e5dd91d877319c94c6b8537e204d95d187ba45b443276868
- repo_url: github/awesome-copilot
  host: github.com
  resolved_commit: 9b74459b5ae5aad67781c4a9de1093605d620f23
  virtual_path: skills/update-implementation-plan
  is_virtual: true
  package_type: claude_skill
  deployed_files:
  - .claude/skills/update-implementation-plan
  content_hash: sha256:b2f2a6bf2544b416b9145e805c0f534ad078e7135c1ce26e73af1b0cd99cb692
- repo_url: googleworkspace/cli
  host: github.com
  resolved_commit: a3768d0e82ad83cca2da97724e46bea4ff0e6dbd
  virtual_path: skills/gws-docs
  is_virtual: true
  package_type: claude_skill
  deployed_files:
  - .claude/skills/gws-docs
  content_hash: sha256:10dc2a8aa8cb28524a9d285ddba5602c24c21cbb640718fce522b58d90ee7b97
- repo_url: googleworkspace/cli
  host: github.com
  resolved_commit: a3768d0e82ad83cca2da97724e46bea4ff0e6dbd
  virtual_path: skills/gws-drive
  is_virtual: true
  package_type: claude_skill
  deployed_files:
  - .claude/skills/gws-drive
  content_hash: sha256:d637ff849b82a9fc195bcfedea260cffe94eaa31b843b28cd04313b1720bb153
- repo_url: googleworkspace/cli
  host: github.com
  resolved_commit: a3768d0e82ad83cca2da97724e46bea4ff0e6dbd
  virtual_path: skills/gws-gmail
  is_virtual: true
  package_type: claude_skill
  deployed_files:
  - .claude/skills/gws-gmail
  content_hash: sha256:5e5b5fdb4b4f347310d929657ed773abcaf528b5ac0a68deee12d3d38d307642
- repo_url: googleworkspace/cli
  host: github.com
  resolved_commit: a3768d0e82ad83cca2da97724e46bea4ff0e6dbd
  virtual_path: skills/gws-shared
  is_virtual: true
  package_type: claude_skill
  deployed_files:
  - .claude/skills/gws-shared
  content_hash: sha256:b197590681ce3d5a52e9c15a68652b5445d111dbfc0dc453f68fb0785aac443c
- repo_url: googleworkspace/cli
  host: github.com
  resolved_commit: a3768d0e82ad83cca2da97724e46bea4ff0e6dbd
  virtual_path: skills/gws-sheets
  is_virtual: true
  package_type: claude_skill
  deployed_files:
  - .claude/skills/gws-sheets
  content_hash: sha256:21c951f8bf399bb941740ab8b048157b43088ad96b743976e88abb0046d263d2
- repo_url: googleworkspace/cli
  host: github.com
  resolved_commit: a3768d0e82ad83cca2da97724e46bea4ff0e6dbd
  virtual_path: skills/gws-slides
  is_virtual: true
  package_type: claude_skill
  deployed_files:
  - .claude/skills/gws-slides
  content_hash: sha256:5018c4b5578fae15b5c5212ad5a68263721c59c40e4bbecd8f4494cc93cb5471
- repo_url: jgraph/drawio-mcp
  host: github.com
  resolved_commit: aacdd6d4c17d38b8d0ca1d40bcdb7a89f9f5ebab
  virtual_path: skill-cli/drawio
  is_virtual: true
  package_type: claude_skill
  deployed_files:
  - .claude/skills/drawio
  content_hash: sha256:e2daf082cf6564a6830369c0de16527ed58642394af6a8adafe2b152817206c1
- repo_url: mattpocock/skills
  host: github.com
  resolved_commit: e3b90b5238f38cdea5996e16861dcae28ef52eda
  virtual_path: skills/engineering/to-prd
  is_virtual: true
  package_type: claude_skill
  deployed_files:
  - .claude/skills/to-prd
  content_hash: sha256:6d741474efd4bc3db55fabc2722ed78ca9c374cabcb6212936d79d4fd4a30fcb
- repo_url: mattpocock/skills
  host: github.com
  resolved_commit: e3b90b5238f38cdea5996e16861dcae28ef52eda
  virtual_path: skills/productivity/grill-me
  is_virtual: true
  package_type: claude_skill
  deployed_files:
  - .claude/skills/grill-me
  content_hash: sha256:784f0dbb7403b0f00324bce9a112f715342777a0daee7bbb7385f9c6f0a170ea
- repo_url: rlespinasse/agent-skills
  host: github.com
  resolved_commit: e873c97e5dee6e180d0681c219b8bb593bfd6448
  virtual_path: skills/diataxis
  is_virtual: true
  package_type: claude_skill
  deployed_files:
  - .claude/skills/diataxis
  content_hash: sha256:7c19c88b2f9cc5f54d0505c0b3ab2433c4188d41146335b0f6e5f872b0b554aa
- repo_url: sanyuan0704/sanyuan-skills
  host: github.com
  resolved_commit: 08b6572ef108f22d4e8a3ecf9182a4bbef097744
  virtual_path: skills/code-review-expert
  is_virtual: true
  package_type: claude_skill
  deployed_files:
  - .claude/skills/code-review-expert
  content_hash: sha256:45869066f7810678e258b06e5c2e2426a1b15ec7673c33b4395f2fb8b82c6457
- repo_url: teng-lin/notebooklm-py
  host: github.com
  resolved_commit: d52611cd7f5d318c7b83c047ab3ffff79d07b406
  package_type: claude_skill
  deployed_files:
  - .claude/skills/notebooklm-py
  content_hash: sha256:bd16bc643e43efc2d1c23a5aa233752f61a880c156b8bfcdf9ecfccb4f48f2e3
